
Microsoft Visual Studio Solution File, Format Version 12.00
# Visual Studio 15
VisualStudioVersion = 15.0.28307.168
MinimumVisualStudioVersion = 10.0.40219.1
Project("{FAE04EC0-301F-11D3-BF4B-00C04F79EFBC}") = "PocWebJob", "PocWebJob\PocWebJob.csproj", "{04FB08B9-7BF9-4F6E-AAA6-89E1958C803B}"
EndProject
Global
	GlobalSection(SolutionConfigurationPlatforms) = preSolution
		Debug|Any CPU = Debug|Any CPU
		Release|Any CPU = Release|Any CPU
	EndGlobalSection
	GlobalSection(ProjectConfigurationPlatforms) = postSolution
		{04FB08B9-7BF9-4F6E-AAA6-89E1958C803B}.Debug|Any CPU.ActiveCfg = Debug|Any CPU
		{04FB08B9-7BF9-4F6E-AAA6-89E1958C803B}.Debug|Any CPU.Build.0 = Debug|Any CPU
		{04FB08B9-7BF9-4F6E-AAA6-89E1958C803B}.Release|Any CPU.ActiveCfg = Release|Any CPU
		{04FB08B9-7BF9-4F6E-AAA6-89E1958C803B}.Release|Any CPU.Build.0 = Release|Any CPU
	EndGlobalSection
	GlobalSection(SolutionProperties) = preSolution
		HideSolutionNode = FALSE
	EndGlobalSection
	GlobalSection(ExtensibilityGlobals) = postSolution
		SolutionGuid = {D33C0D0D-1A98-44E7-8AC6-3A23AEB552A3}
	EndGlobalSection
EndGlobal
